
Microsoft Visual Studio Solution File, Format Version 12.00
# Visual Studio Version 16
VisualStudioVersion = 16.0.30413.136
MinimumVisualStudioVersion = 10.0.40219.1
Project("{FAE04EC0-301F-11D3-BF4B-00C04F79EFBC}") = "GymFinal", "GymFinal\GymFinal.csproj", "{DD3EC837-AE8D-440E-99F4-2F121FDC0105}"
EndProject
Global
	GlobalSection(SolutionConfigurationPlatforms) = preSolution
		Debug|Any CPU = Debug|Any CPU
		Release|Any CPU = Release|Any CPU
	EndGlobalSection
	GlobalSection(ProjectConfigurationPlatforms) = postSolution
		{DD3EC837-AE8D-440E-99F4-2F121FDC0105}.Debug|Any CPU.ActiveCfg = Debug|Any CPU
		{DD3EC837-AE8D-440E-99F4-2F121FDC0105}.Debug|Any CPU.Build.0 = Debug|Any CPU
		{DD3EC837-AE8D-440E-99F4-2F121FDC0105}.Release|Any CPU.ActiveCfg = Release|Any CPU
		{DD3EC837-AE8D-440E-99F4-2F121FDC0105}.Release|Any CPU.Build.0 = Release|Any CPU
	EndGlobalSection
	GlobalSection(SolutionProperties) = preSolution
		HideSolutionNode = FALSE
	EndGlobalSection
	GlobalSection(ExtensibilityGlobals) = postSolution
		SolutionGuid = {46EFB61A-5085-470D-B255-63FCA7A710A9}
	EndGlobalSection
EndGlobal
